// !$*UTF8*$!
{
	archiveVersion = 1;
	classes = {
	};
	objectVersion = 52;
	objects = {

/* Begin PBXBuildFile section */
		7216AD422706641300D6BB90 /* AppDelegate.swift in Sources */ = {isa = PBXBuildFile; fileRef = 7216AD412706641300D6BB90 /* AppDelegate.swift */; };
		7216AD442706641300D6BB90 /* SceneDelegate.swift in Sources */ = {isa = PBXBuildFile; fileRef = 7216AD432706641300D6BB90 /* SceneDelegate.swift */; };
		7216AD462706641300D6BB90 /* BalanceViewController.swift in Sources */ = {isa = PBXBuildFile; fileRef = 7216AD452706641300D6BB90 /* BalanceViewController.swift */; };
		7216AD492706641300D6BB90 /* Main.storyboard in Resources */ = {isa = PBXBuildFile; fileRef = 7216AD472706641300D6BB90 /* Main.storyboard */; };
		7216AD4B2706641500D6BB90 /* Assets.xcassets in Resources */ = {isa = PBXBuildFile; fileRef = 7216AD4A2706641500D6BB90 /* Assets.xcassets */; };
		7216AD4E2706641500D6BB90 /* LaunchScreen.storyboard in Resources */ = {isa = PBXBuildFile; fileRef = 7216AD4C2706641500D6BB90 /* LaunchScreen.storyboard */; };
		7216AD572706662E00D6BB90 /* web3.swift in Frameworks */ = {isa = PBXBuildFile; productRef = 7216AD562706662E00D6BB90 /* web3.swift */; };
		7216AD5C2706674700D6BB90 /* BalanceViewModel.swift in Sources */ = {isa = PBXBuildFile; fileRef = 7216AD5B2706674700D6BB90 /* BalanceViewModel.swift */; };
		7216AD5F270667B400D6BB90 /* TransferManager.swift in Sources */ = {isa = PBXBuildFile; fileRef = 7216AD5E270667B400D6BB90 /* TransferManager.swift */; };
		7216AD6427066A3B00D6BB90 /* Secrets.swift in Sources */ = {isa = PBXBuildFile; fileRef = 7216AD6327066A3B00D6BB90 /* Secrets.swift */; };
/* End PBXBuildFile section */

/* Begin PBXFileReference section */
		7216AD3E2706641300D6BB90 /* Wallet.app */ = {isa = PBXFileReference; explicitFileType = wrapper.application; includeInIndex = 0; path = Wallet.app; sourceTree = BUILT_PRODUCTS_DIR; };
		7216AD412706641300D6BB90 /* AppDelegate.swift */ = {isa = PBXFileReference; lastKnownFileType = sourcecode.swift; path = AppDelegate.swift; sourceTree = "<group>"; };
		7216AD432706641300D6BB90 /* SceneDelegate.swift */ = {isa = PBXFileReference; lastKnownFileType = sourcecode.swift; path = SceneDelegate.swift; sourceTree = "<group>"; };
		7216AD452706641300D6BB90 /* BalanceViewController.swift */ = {isa = PBXFileReference; lastKnownFileType = sourcecode.swift; path = BalanceViewController.swift; sourceTree = "<group>"; };
		7216AD482706641300D6BB90 /* Base */ = {isa = PBXFileReference; lastKnownFileType = file.storyboard; name = Base; path = Base.lproj/Main.storyboard; sourceTree = "<group>"; };
		7216AD4A2706641500D6BB90 /* Assets.xcassets */ = {isa = PBXFileReference; lastKnownFileType = folder.assetcatalog; path = Assets.xcassets; sourceTree = "<group>"; };
		7216AD4D2706641500D6BB90 /* Base */ = {isa = PBXFileReference; lastKnownFileType = file.storyboard; name = Base; path = Base.lproj/LaunchScreen.storyboard; sourceTree = "<group>"; };
		7216AD4F2706641500D6BB90 /* Info.plist */ = {isa = PBXFileReference; lastKnownFileType = text.plist.xml; path = Info.plist; sourceTree = "<group>"; };
		7216AD5B2706674700D6BB90 /* BalanceViewModel.swift */ = {isa = PBXFileReference; lastKnownFileType = sourcecode.swift; path = BalanceViewModel.swift; sourceTree = "<group>"; };
		7216AD5E270667B400D6BB90 /* TransferManager.swift */ = {isa = PBXFileReference; lastKnownFileType = sourcecode.swift; path = TransferManager.swift; sourceTree = "<group>"; };
		7216AD6327066A3B00D6BB90 /* Secrets.swift */ = {isa = PBXFileReference; lastKnownFileType = sourcecode.swift; path = Secrets.swift; sourceTree = "<group>"; };
/* End PBXFileReference section */

/* Begin PBXFrameworksBuildPhase section */
		7216AD3B2706641300D6BB90 /* Frameworks */ = {
			isa = PBXFrameworksBuildPhase;
			buildActionMask = 2147483647;
			files = (
				7216AD572706662E00D6BB90 /* web3.swift in Frameworks */,
			);
			runOnlyForDeploymentPostprocessing = 0;
		};
/* End PBXFrameworksBuildPhase section */

/* Begin PBXGroup section */
		7216AD352706641300D6BB90 = {
			isa = PBXGroup;
			children = (
				7216AD402706641300D6BB90 /* Wallet */,
				7216AD3F2706641300D6BB90 /* Products */,
			);
			sourceTree = "<group>";
		};
		7216AD3F2706641300D6BB90 /* Products */ = {
			isa = PBXGroup;
			children = (
				7216AD3E2706641300D6BB90 /* Wallet.app */,
			);
			name = Products;
			sourceTree = "<group>";
		};
		7216AD402706641300D6BB90 /* Wallet */ = {
			isa = PBXGroup;
			children = (
				7216AD61270669F500D6BB90 /* Secrets */,
				7216AD602706693500D6BB90 /* Services */,
				7216AD5D2706679D00D6BB90 /* Transactions */,
				7216AD582706663900D6BB90 /* Scenes */,
				7216AD412706641300D6BB90 /* AppDelegate.swift */,
				7216AD432706641300D6BB90 /* SceneDelegate.swift */,
				7216AD472706641300D6BB90 /* Main.storyboard */,
				7216AD4A2706641500D6BB90 /* Assets.xcassets */,
				7216AD4C2706641500D6BB90 /* LaunchScreen.storyboard */,
				7216AD4F2706641500D6BB90 /* Info.plist */,
			);
			path = Wallet;
			sourceTree = "<group>";
		};
		7216AD582706663900D6BB90 /* Scenes */ = {
			isa = PBXGroup;
			children = (
				7216AD5A2706665100D6BB90 /* Transfers Scene */,
				7216AD592706664300D6BB90 /* Balance Scene */,
			);
			path = Scenes;
			sourceTree = "<group>";
		};
		7216AD592706664300D6BB90 /* Balance Scene */ = {
			isa = PBXGroup;
			children = (
				7216AD452706641300D6BB90 /* BalanceViewController.swift */,
				7216AD5B2706674700D6BB90 /* BalanceViewModel.swift */,
			);
			path = "Balance Scene";
			sourceTree = "<group>";
		};
		7216AD5A2706665100D6BB90 /* Transfers Scene */ = {
			isa = PBXGroup;
			children = (
			);
			path = "Transfers Scene";
			sourceTree = "<group>";
		};
		7216AD5D2706679D00D6BB90 /* Transactions */ = {
			isa = PBXGroup;
			children = (
				7216AD5E270667B400D6BB90 /* TransferManager.swift */,
			);
			path = Transactions;
			sourceTree = "<group>";
		};
		7216AD602706693500D6BB90 /* Services */ = {
			isa = PBXGroup;
			children = (
			);
			path = Services;
			sourceTree = "<group>";
		};
		7216AD61270669F500D6BB90 /* Secrets */ = {
			isa = PBXGroup;
			children = (
				7216AD6327066A3B00D6BB90 /* Secrets.swift */,
			);
			path = Secrets;
			sourceTree = "<group>";
		};
/* End PBXGroup section */

/* Begin PBXNativeTarget section */
		7216AD3D2706641300D6BB90 /* Wallet */ = {
			isa = PBXNativeTarget;
			buildConfigurationList = 7216AD522706641500D6BB90 /* Build configuration list for PBXNativeTarget "Wallet" */;
			buildPhases = (
				7216AD3A2706641300D6BB90 /* Sources */,
				7216AD3B2706641300D6BB90 /* Frameworks */,
				7216AD3C2706641300D6BB90 /* Resources */,
			);
			buildRules = (
			);
			dependencies = (
			);
			name = Wallet;
			packageProductDependencies = (
				7216AD562706662E00D6BB90 /* web3.swift */,
			);
			productName = Wallet;
			productReference = 7216AD3E2706641300D6BB90 /* Wallet.app */;
			productType = "com.apple.product-type.application";
		};
/* End PBXNativeTarget section */

/* Begin PBXProject section */
		7216AD362706641300D6BB90 /* Project object */ = {
			isa = PBXProject;
			attributes = {
				LastSwiftUpdateCheck = 1250;
				LastUpgradeCheck = 1250;
				TargetAttributes = {
					7216AD3D2706641300D6BB90 = {
						CreatedOnToolsVersion = 12.5.1;
					};
				};
			};
			buildConfigurationList = 7216AD392706641300D6BB90 /* Build configuration list for PBXProject "Wallet" */;
			compatibilityVersion = "Xcode 9.3";
			developmentRegion = en;
			hasScannedForEncodings = 0;
			knownRegions = (
				en,
				Base,
			);
			mainGroup = 7216AD352706641300D6BB90;
			packageReferences = (
				7216AD552706662E00D6BB90 /* XCRemoteSwiftPackageReference "web3" */,
			);
			productRefGroup = 7216AD3F2706641300D6BB90 /* Products */;
			projectDirPath = "";
			projectRoot = "";
			targets = (
				7216AD3D2706641300D6BB90 /* Wallet */,
			);
		};
/* End PBXProject section */

/* Begin PBXResourcesBuildPhase section */
		7216AD3C2706641300D6BB90 /* Resources */ = {
			isa = PBXResourcesBuildPhase;
			buildActionMask = 2147483647;
			files = (
				7216AD4E2706641500D6BB90 /* LaunchScreen.storyboard in Resources */,
				7216AD4B2706641500D6BB90 /* Assets.xcassets in Resources */,
				7216AD492706641300D6BB90 /* Main.storyboard in Resources */,
			);
			runOnlyForDeploymentPostprocessing = 0;
		};
/* End PBXResourcesBuildPhase section */

/* Begin PBXSourcesBuildPhase section */
		7216AD3A2706641300D6BB90 /* Sources */ = {
			isa = PBXSourcesBuildPhase;
			buildActionMask = 2147483647;
			files = (
				7216AD462706641300D6BB90 /* BalanceViewController.swift in Sources */,
				7216AD6427066A3B00D6BB90 /* Secrets.swift in Sources */,
				7216AD5F270667B400D6BB90 /* TransferManager.swift in Sources */,
				7216AD422706641300D6BB90 /* AppDelegate.swift in Sources */,
				7216AD442706641300D6BB90 /* SceneDelegate.swift in Sources */,
				7216AD5C2706674700D6BB90 /* BalanceViewModel.swift in Sources */,
			);
			runOnlyForDeploymentPostprocessing = 0;
		};
/* End PBXSourcesBuildPhase section */

/* Begin PBXVariantGroup section */
		7216AD472706641300D6BB90 /* Main.storyboard */ = {
			isa = PBXVariantGroup;
			children = (
				7216AD482706641300D6BB90 /* Base */,
			);
			name = Main.storyboard;
			sourceTree = "<group>";
		};
		7216AD4C2706641500D6BB90 /* LaunchScreen.storyboard */ = {
			isa = PBXVariantGroup;
			children = (
				7216AD4D2706641500D6BB90 /* Base */,
			);
			name = LaunchScreen.storyboard;
			sourceTree = "<group>";
		};
/* End PBXVariantGroup section */

/* Begin XCBuildConfiguration section */
		7216AD502706641500D6BB90 /* Debug */ = {
			isa = XCBuildConfiguration;
			buildSettings = {
				ALWAYS_SEARCH_USER_PATHS = NO;
				CLANG_ANALYZER_NONNULL = YES;
				CLANG_ANALYZER_NUMBER_OBJECT_CONVERSION = YES_AGGRESSIVE;
				CLANG_CXX_LANGUAGE_STANDARD = "gnu++14";
				CLANG_CXX_LIBRARY = "libc++";
				CLANG_ENABLE_MODULES = YES;
				CLANG_ENABLE_OBJC_ARC = YES;
				CLANG_ENABLE_OBJC_WEAK = YES;
				CLANG_WARN_BLOCK_CAPTURE_AUTORELEASING = YES;
				CLANG_WARN_BOOL_CONVERSION = YES;
				CLANG_WARN_COMMA = YES;
				CLANG_WARN_CONSTANT_CONVERSION = YES;
				CLANG_WARN_DEPRECATED_OBJC_IMPLEMENTATIONS = YES;
				CLANG_WARN_DIRECT_OBJC_ISA_USAGE = YES_ERROR;
				CLANG_WARN_DOCUMENTATION_COMMENTS = YES;
				CLANG_WARN_EMPTY_BODY = YES;
				CLANG_WARN_ENUM_CONVERSION = YES;
				CLANG_WARN_INFINITE_RECURSION = YES;
				CLANG_WARN_INT_CONVERSION = YES;
				CLANG_WARN_NON_LITERAL_NULL_CONVERSION = YES;
				CLANG_WARN_OBJC_IMPLICIT_RETAIN_SELF = YES;
				CLANG_WARN_OBJC_LITERAL_CONVERSION = YES;
				CLANG_WARN_OBJC_ROOT_CLASS = YES_ERROR;
				CLANG_WARN_QUOTED_INCLUDE_IN_FRAMEWORK_HEADER = YES;
				CLANG_WARN_RANGE_LOOP_ANALYSIS = YES;
				CLANG_WARN_STRICT_PROTOTYPES = YES;
				CLANG_WARN_SUSPICIOUS_MOVE = YES;
				CLANG_WARN_UNGUARDED_AVAILABILITY = YES_AGGRESSIVE;
				CLANG_WARN_UNREACHABLE_CODE = YES;
				CLANG_WARN__DUPLICATE_METHOD_MATCH = YES;
				COPY_PHASE_STRIP = NO;
				DEBUG_INFORMATION_FORMAT = dwarf;
				ENABLE_STRICT_OBJC_MSGSEND = YES;
				ENABLE_TESTABILITY = YES;
				GCC_C_LANGUAGE_STANDARD = gnu11;
				GCC_DYNAMIC_NO_PIC = NO;
				GCC_NO_COMMON_BLOCKS = YES;
				GCC_OPTIMIZATION_LEVEL = 0;
				GCC_PREPROCESSOR_DEFINITIONS = (
					"DEBUG=1",
					"$(inherited)",
				);
				GCC_WARN_64_TO_32_BIT_CONVERSION = YES;
				GCC_WARN_ABOUT_RETURN_TYPE = YES_ERROR;
				GCC_WARN_UNDECLARED_SELECTOR = YES;
				GCC_WARN_UNINITIALIZED_AUTOS = YES_AGGRESSIVE;
				GCC_WARN_UNUSED_FUNCTION = YES;
				GCC_WARN_UNUSED_VARIABLE = YES;
				IPHONEOS_DEPLOYMENT_TARGET = 14.5;
				MTL_ENABLE_DEBUG_INFO = INCLUDE_SOURCE;
				MTL_FAST_MATH = YES;
				ONLY_ACTIVE_ARCH = YES;
				SDKROOT = iphoneos;
				SWIFT_ACTIVE_COMPILATION_CONDITIONS = DEBUG;
				SWIFT_OPTIMIZATION_LEVEL = "-Onone";
			};
			name = Debug;
		};
		7216AD512706641500D6BB90 /* Release */ = {
			isa = XCBuildConfiguration;
			buildSettings = {
				ALWAYS_SEARCH_USER_PATHS = NO;
				CLANG_ANALYZER_NONNULL = YES;
				CLANG_ANALYZER_NUMBER_OBJECT_CONVERSION = YES_AGGRESSIVE;
				CLANG_CXX_LANGUAGE_STANDARD = "gnu++14";
				CLANG_CXX_LIBRARY = "libc++";
				CLANG_ENABLE_MODULES = YES;
				CLANG_ENABLE_OBJC_ARC = YES;
				CLANG_ENABLE_OBJC_WEAK = YES;
				CLANG_WARN_BLOCK_CAPTURE_AUTORELEASING = YES;
				CLANG_WARN_BOOL_CONVERSION = YES;
				CLANG_WARN_COMMA = YES;
				CLANG_WARN_CONSTANT_CONVERSION = YES;
				CLANG_WARN_DEPRECATED_OBJC_IMPLEMENTATIONS = YES;
				CLANG_WARN_DIRECT_OBJC_ISA_USAGE = YES_ERROR;
				CLANG_WARN_DOCUMENTATION_COMMENTS = YES;
				CLANG_WARN_EMPTY_BODY = YES;
				CLANG_WARN_ENUM_CONVERSION = YES;
				CLANG_WARN_INFINITE_RECURSION = YES;
				CLANG_WARN_INT_CONVERSION = YES;
				CLANG_WARN_NON_LITERAL_NULL_CONVERSION = YES;
				CLANG_WARN_OBJC_IMPLICIT_RETAIN_SELF = YES;
				CLANG_WARN_OBJC_LITERAL_CONVERSION = YES;
				CLANG_WARN_OBJC_ROOT_CLASS = YES_ERROR;
				CLANG_WARN_QUOTED_INCLUDE_IN_FRAMEWORK_HEADER = YES;
				CLANG_WARN_RANGE_LOOP_ANALYSIS = YES;
				CLANG_WARN_STRICT_PROTOTYPES = YES;
				CLANG_WARN_SUSPICIOUS_MOVE = YES;
				CLANG_WARN_UNGUARDED_AVAILABILITY = YES_AGGRESSIVE;
				CLANG_WARN_UNREACHABLE_CODE = YES;
				CLANG_WARN__DUPLICATE_METHOD_MATCH = YES;
				COPY_PHASE_STRIP = NO;
				DEBUG_INFORMATION_FORMAT = "dwarf-with-dsym";
				ENABLE_NS_ASSERTIONS = NO;
				ENABLE_STRICT_OBJC_MSGSEND = YES;
				GCC_C_LANGUAGE_STANDARD = gnu11;
				GCC_NO_COMMON_BLOCKS = YES;
				GCC_WARN_64_TO_32_BIT_CONVERSION = YES;
				GCC_WARN_ABOUT_RETURN_TYPE = YES_ERROR;
				GCC_WARN_UNDECLARED_SELECTOR = YES;
				GCC_WARN_UNINITIALIZED_AUTOS = YES_AGGRESSIVE;
				GCC_WARN_UNUSED_FUNCTION = YES;
				GCC_WARN_UNUSED_VARIABLE = YES;
				IPHONEOS_DEPLOYMENT_TARGET = 14.5;
				MTL_ENABLE_DEBUG_INFO = NO;
				MTL_FAST_MATH = YES;
				SDKROOT = iphoneos;
				SWIFT_COMPILATION_MODE = wholemodule;
				SWIFT_OPTIMIZATION_LEVEL = "-O";
				VALIDATE_PRODUCT = YES;
			};
			name = Release;
		};
		7216AD532706641500D6BB90 /* Debug */ = {
			isa = XCBuildConfiguration;
			buildSettings = {
				ASSETCATALOG_COMPILER_APPICON_NAME = AppIcon;
				ASSETCATALOG_COMPILER_GLOBAL_ACCENT_COLOR_NAME = AccentColor;
				CODE_SIGN_STYLE = Automatic;
				INFOPLIST_FILE = Wallet/Info.plist;
				IPHONEOS_DEPLOYMENT_TARGET = 14.5;
				LD_RUNPATH_SEARCH_PATHS = (
					"$(inherited)",
					"@executable_path/Frameworks",
				);
				PRODUCT_BUNDLE_IDENTIFIER = dev.alecrim.tests.Wallet;
				PRODUCT_NAME = "$(TARGET_NAME)";
				SWIFT_VERSION = 5.0;
				TARGETED_DEVICE_FAMILY = 1;
			};
			name = Debug;
		};
		7216AD542706641500D6BB90 /* Release */ = {
			isa = XCBuildConfiguration;
			buildSettings = {
				ASSETCATALOG_COMPILER_APPICON_NAME = AppIcon;
				ASSETCATALOG_COMPILER_GLOBAL_ACCENT_COLOR_NAME = AccentColor;
				CODE_SIGN_STYLE = Automatic;
				INFOPLIST_FILE = Wallet/Info.plist;
				IPHONEOS_DEPLOYMENT_TARGET = 14.5;
				LD_RUNPATH_SEARCH_PATHS = (
					"$(inherited)",
					"@executable_path/Frameworks",
				);
				PRODUCT_BUNDLE_IDENTIFIER = dev.alecrim.tests.Wallet;
				PRODUCT_NAME = "$(TARGET_NAME)";
				SWIFT_VERSION = 5.0;
				TARGETED_DEVICE_FAMILY = 1;
			};
			name = Release;
		};
/* End XCBuildConfiguration section */

/* Begin XCConfigurationList section */
		7216AD392706641300D6BB90 /* Build configuration list for PBXProject "Wallet" */ = {
			isa = XCConfigurationList;
			buildConfigurations = (
				7216AD502706641500D6BB90 /* Debug */,
				7216AD512706641500D6BB90 /* Release */,
			);
			defaultConfigurationIsVisible = 0;
			defaultConfigurationName = Release;
		};
		7216AD522706641500D6BB90 /* Build configuration list for PBXNativeTarget "Wallet" */ = {
			isa = XCConfigurationList;
			buildConfigurations = (
				7216AD532706641500D6BB90 /* Debug */,
				7216AD542706641500D6BB90 /* Release */,
			);
			defaultConfigurationIsVisible = 0;
			defaultConfigurationName = Release;
		};
/* End XCConfigurationList section */

/* Begin XCRemoteSwiftPackageReference section */
		7216AD552706662E00D6BB90 /* XCRemoteSwiftPackageReference "web3" */ = {
			isa = XCRemoteSwiftPackageReference;
			repositoryURL = "https://github.com/argentlabs/web3.swift";
			requirement = {
				kind = upToNextMajorVersion;
				minimumVersion = 0.8.1;
			};
		};
/* End XCRemoteSwiftPackageReference section */

/* Begin XCSwiftPackageProductDependency section */
		7216AD562706662E00D6BB90 /* web3.swift */ = {
			isa = XCSwiftPackageProductDependency;
			package = 7216AD552706662E00D6BB90 /* XCRemoteSwiftPackageReference "web3" */;
			productName = web3.swift;
		};
/* End XCSwiftPackageProductDependency section */
	};
	rootObject = 7216AD362706641300D6BB90 /* Project object */;
}
